// !$*UTF8*$!
{
	archiveVersion = 1;
	classes = {
	};
	objectVersion = 48;
	objects = {

/* Begin PBXBuildFile section */
		187047C5207E12A200036268 /* AppDelegate.swift in Sources */ = {isa = PBXBuildFile; fileRef = 187047C4207E12A200036268 /* AppDelegate.swift */; };
		187047C7207E12A200036268 /* ViewController.swift in Sources */ = {isa = PBXBuildFile; fileRef = 187047C6207E12A200036268 /* ViewController.swift */; };
		187047CA207E12A200036268 /* Main.storyboard in Resources */ = {isa = PBXBuildFile; fileRef = 187047C8207E12A200036268 /* Main.storyboard */; };
		187047CC207E12A200036268 /* Assets.xcassets in Resources */ = {isa = PBXBuildFile; fileRef = 187047CB207E12A200036268 /* Assets.xcassets */; };
		187047CF207E12A200036268 /* LaunchScreen.storyboard in Resources */ = {isa = PBXBuildFile; fileRef = 187047CD207E12A200036268 /* LaunchScreen.storyboard */; };
		187047DA207E12A200036268 /* Gach_TechTests.swift in Sources */ = {isa = PBXBuildFile; fileRef = 187047D9207E12A200036268 /* Gach_TechTests.swift */; };
		187047E5207E12A200036268 /* Gach_TechUITests.swift in Sources */ = {isa = PBXBuildFile; fileRef = 187047E4207E12A200036268 /* Gach_TechUITests.swift */; };
/* End PBXBuildFile section */

/* Begin PBXContainerItemProxy section */
		187047D6207E12A200036268 /* PBXContainerItemProxy */ = {
			isa = PBXContainerItemProxy;
			containerPortal = 187047B9207E12A200036268 /* Project object */;
			proxyType = 1;
			remoteGlobalIDString = 187047C0207E12A200036268;
			remoteInfo = "Gach Tech";
		};
		187047E1207E12A200036268 /* PBXContainerItemProxy */ = {
			isa = PBXContainerItemProxy;
			containerPortal = 187047B9207E12A200036268 /* Project object */;
			proxyType = 1;
			remoteGlobalIDString = 187047C0207E12A200036268;
			remoteInfo = "Gach Tech";
		};
/* End PBXContainerItemProxy section */

/* Begin PBXFileReference section */
		187047C1207E12A200036268 /* Gach Tech.app */ = {isa = PBXFileReference; explicitFileType = wrapper.application; includeInIndex = 0; path = "Gach Tech.app"; sourceTree = BUILT_PRODUCTS_DIR; };
		187047C4207E12A200036268 /* AppDelegate.swift */ = {isa = PBXFileReference; lastKnownFileType = sourcecode.swift; path = AppDelegate.swift; sourceTree = "<group>"; };
		187047C6207E12A200036268 /* ViewController.swift */ = {isa = PBXFileReference; lastKnownFileType = sourcecode.swift; path = ViewController.swift; sourceTree = "<group>"; };
		187047C9207E12A200036268 /* Base */ = {isa = PBXFileReference; lastKnownFileType = file.storyboard; name = Base; path = Base.lproj/Main.storyboard; sourceTree = "<group>"; };
		187047CB207E12A200036268 /* Assets.xcassets */ = {isa = PBXFileReference; lastKnownFileType = folder.assetcatalog; path = Assets.xcassets; sourceTree = "<group>"; };
		187047CE207E12A200036268 /* Base */ = {isa = PBXFileReference; lastKnownFileType = file.storyboard; name = Base; path = Base.lproj/LaunchScreen.storyboard; sourceTree = "<group>"; };
		187047D0207E12A200036268 /* Info.plist */ = {isa = PBXFileReference; lastKnownFileType = text.plist.xml; path = Info.plist; sourceTree = "<group>"; };
		187047D5207E12A200036268 /* Gach TechTests.xctest */ = {isa = PBXFileReference; explicitFileType = wrapper.cfbundle; includeInIndex = 0; path = "Gach TechTests.xctest"; sourceTree = BUILT_PRODUCTS_DIR; };
		187047D9207E12A200036268 /* Gach_TechTests.swift */ = {isa = PBXFileReference; lastKnownFileType = sourcecode.swift; path = Gach_TechTests.swift; sourceTree = "<group>"; };
		187047DB207E12A200036268 /* Info.plist */ = {isa = PBXFileReference; lastKnownFileType = text.plist.xml; path = Info.plist; sourceTree = "<group>"; };
		187047E0207E12A200036268 /* Gach TechUITests.xctest */ = {isa = PBXFileReference; explicitFileType = wrapper.cfbundle; includeInIndex = 0; path = "Gach TechUITests.xctest"; sourceTree = BUILT_PRODUCTS_DIR; };
		187047E4207E12A200036268 /* Gach_TechUITests.swift */ = {isa = PBXFileReference; lastKnownFileType = sourcecode.swift; path = Gach_TechUITests.swift; sourceTree = "<group>"; };
		187047E6207E12A200036268 /* Info.plist */ = {isa = PBXFileReference; lastKnownFileType = text.plist.xml; path = Info.plist; sourceTree = "<group>"; };
/* End PBXFileReference section */

/* Begin PBXFrameworksBuildPhase section */
		187047BE207E12A200036268 /* Frameworks */ = {
			isa = PBXFrameworksBuildPhase;
			buildActionMask = 2147483647;
			files = (
			);
			runOnlyForDeploymentPostprocessing = 0;
		};
		187047D2207E12A200036268 /* Frameworks */ = {
			isa = PBXFrameworksBuildPhase;
			buildActionMask = 2147483647;
			files = (
			);
			runOnlyForDeploymentPostprocessing = 0;
		};
		187047DD207E12A200036268 /* Frameworks */ = {
			isa = PBXFrameworksBuildPhase;
			buildActionMask = 2147483647;
			files = (
			);
			runOnlyForDeploymentPostprocessing = 0;
		};
/* End PBXFrameworksBuildPhase section */

/* Begin PBXGroup section */
		187047B8207E12A200036268 = {
			isa = PBXGroup;
			children = (
				187047C3207E12A200036268 /* Gach Tech */,
				187047D8207E12A200036268 /* Gach TechTests */,
				187047E3207E12A200036268 /* Gach TechUITests */,
				187047C2207E12A200036268 /* Products */,
			);
			sourceTree = "<group>";
		};
		187047C2207E12A200036268 /* Products */ = {
			isa = PBXGroup;
			children = (
				187047C1207E12A200036268 /* Gach Tech.app */,
				187047D5207E12A200036268 /* Gach TechTests.xctest */,
				187047E0207E12A200036268 /* Gach TechUITests.xctest */,
			);
			name = Products;
			sourceTree = "<group>";
		};
		187047C3207E12A200036268 /* Gach Tech */ = {
			isa = PBXGroup;
			children = (
				187047C4207E12A200036268 /* AppDelegate.swift */,
				187047C6207E12A200036268 /* ViewController.swift */,
				187047C8207E12A200036268 /* Main.storyboard */,
				187047CB207E12A200036268 /* Assets.xcassets */,
				187047CD207E12A200036268 /* LaunchScreen.storyboard */,
				187047D0207E12A200036268 /* Info.plist */,
			);
			path = "Gach Tech";
			sourceTree = "<group>";
		};
		187047D8207E12A200036268 /* Gach TechTests */ = {
			isa = PBXGroup;
			children = (
				187047D9207E12A200036268 /* Gach_TechTests.swift */,
				187047DB207E12A200036268 /* Info.plist */,
			);
			path = "Gach TechTests";
			sourceTree = "<group>";
		};
		187047E3207E12A200036268 /* Gach TechUITests */ = {
			isa = PBXGroup;
			children = (
				187047E4207E12A200036268 /* Gach_TechUITests.swift */,
				187047E6207E12A200036268 /* Info.plist */,
			);
			path = "Gach TechUITests";
			sourceTree = "<group>";
		};
/* End PBXGroup section */

/* Begin PBXNativeTarget section */
		187047C0207E12A200036268 /* Gach Tech */ = {
			isa = PBXNativeTarget;
			buildConfigurationList = 187047E9207E12A200036268 /* Build configuration list for PBXNativeTarget "Gach Tech" */;
			buildPhases = (
				187047BD207E12A200036268 /* Sources */,
				187047BE207E12A200036268 /* Frameworks */,
				187047BF207E12A200036268 /* Resources */,
			);
			buildRules = (
			);
			dependencies = (
			);
			name = "Gach Tech";
			productName = "Gach Tech";
			productReference = 187047C1207E12A200036268 /* Gach Tech.app */;
			productType = "com.apple.product-type.application";
		};
		187047D4207E12A200036268 /* Gach TechTests */ = {
			isa = PBXNativeTarget;
			buildConfigurationList = 187047EC207E12A200036268 /* Build configuration list for PBXNativeTarget "Gach TechTests" */;
			buildPhases = (
				187047D1207E12A200036268 /* Sources */,
				187047D2207E12A200036268 /* Frameworks */,
				187047D3207E12A200036268 /* Resources */,
			);
			buildRules = (
			);
			dependencies = (
				187047D7207E12A200036268 /* PBXTargetDependency */,
			);
			name = "Gach TechTests";
			productName = "Gach TechTests";
			productReference = 187047D5207E12A200036268 /* Gach TechTests.xctest */;
			productType = "com.apple.product-type.bundle.unit-test";
		};
		187047DF207E12A200036268 /* Gach TechUITests */ = {
			isa = PBXNativeTarget;
			buildConfigurationList = 187047EF207E12A200036268 /* Build configuration list for PBXNativeTarget "Gach TechUITests" */;
			buildPhases = (
				187047DC207E12A200036268 /* Sources */,
				187047DD207E12A200036268 /* Frameworks */,
				187047DE207E12A200036268 /* Resources */,
			);
			buildRules = (
			);
			dependencies = (
				187047E2207E12A200036268 /* PBXTargetDependency */,
			);
			name = "Gach TechUITests";
			productName = "Gach TechUITests";
			productReference = 187047E0207E12A200036268 /* Gach TechUITests.xctest */;
			productType = "com.apple.product-type.bundle.ui-testing";
		};
/* End PBXNativeTarget section */

/* Begin PBXProject section */
		187047B9207E12A200036268 /* Project object */ = {
			isa = PBXProject;
			attributes = {
				LastSwiftUpdateCheck = 0920;
				LastUpgradeCheck = 0920;
				ORGANIZATIONNAME = "Life is tech!";
				TargetAttributes = {
					187047C0207E12A200036268 = {
						CreatedOnToolsVersion = 9.2;
						ProvisioningStyle = Automatic;
					};
					187047D4207E12A200036268 = {
						CreatedOnToolsVersion = 9.2;
						ProvisioningStyle = Automatic;
						TestTargetID = 187047C0207E12A200036268;
					};
					187047DF207E12A200036268 = {
						CreatedOnToolsVersion = 9.2;
						ProvisioningStyle = Automatic;
						TestTargetID = 187047C0207E12A200036268;
					};
				};
			};
			buildConfigurationList = 187047BC207E12A200036268 /* Build configuration list for PBXProject "Gach Tech" */;
			compatibilityVersion = "Xcode 8.0";
			developmentRegion = en;
			hasScannedForEncodings = 0;
			knownRegions = (
				en,
				Base,
			);
			mainGroup = 187047B8207E12A200036268;
			productRefGroup = 187047C2207E12A200036268 /* Products */;
			projectDirPath = "";
			projectRoot = "";
			targets = (
				187047C0207E12A200036268 /* Gach Tech */,
				187047D4207E12A200036268 /* Gach TechTests */,
				187047DF207E12A200036268 /* Gach TechUITests */,
			);
		};
/* End PBXProject section */

/* Begin PBXResourcesBuildPhase section */
		187047BF207E12A200036268 /* Resources */ = {
			isa = PBXResourcesBuildPhase;
			buildActionMask = 2147483647;
			files = (
				187047CF207E12A200036268 /* LaunchScreen.storyboard in Resources */,
				187047CC207E12A200036268 /* Assets.xcassets in Resources */,
				187047CA207E12A200036268 /* Main.storyboard in Resources */,
			);
			runOnlyForDeploymentPostprocessing = 0;
		};
		187047D3207E12A200036268 /* Resources */ = {
			isa = PBXResourcesBuildPhase;
			buildActionMask = 2147483647;
			files = (
			);
			runOnlyForDeploymentPostprocessing = 0;
		};
		187047DE207E12A200036268 /* Resources */ = {
			isa = PBXResourcesBuildPhase;
			buildActionMask = 2147483647;
			files = (
			);
			runOnlyForDeploymentPostprocessing = 0;
		};
/* End PBXResourcesBuildPhase section */

/* Begin PBXSourcesBuildPhase section */
		187047BD207E12A200036268 /* Sources */ = {
			isa = PBXSourcesBuildPhase;
			buildActionMask = 2147483647;
			files = (
				187047C7207E12A200036268 /* ViewController.swift in Sources */,
				187047C5207E12A200036268 /* AppDelegate.swift in Sources */,
			);
			runOnlyForDeploymentPostprocessing = 0;
		};
		187047D1207E12A200036268 /* Sources */ = {
			isa = PBXSourcesBuildPhase;
			buildActionMask = 2147483647;
			files = (
				187047DA207E12A200036268 /* Gach_TechTests.swift in Sources */,
			);
			runOnlyForDeploymentPostprocessing = 0;
		};
		187047DC207E12A200036268 /* Sources */ = {
			isa = PBXSourcesBuildPhase;
			buildActionMask = 2147483647;
			files = (
				187047E5207E12A200036268 /* Gach_TechUITests.swift in Sources */,
			);
			runOnlyForDeploymentPostprocessing = 0;
		};
/* End PBXSourcesBuildPhase section */

/* Begin PBXTargetDependency section */
		187047D7207E12A200036268 /* PBXTargetDependency */ = {
			isa = PBXTargetDependency;
			target = 187047C0207E12A200036268 /* Gach Tech */;
			targetProxy = 187047D6207E12A200036268 /* PBXContainerItemProxy */;
		};
		187047E2207E12A200036268 /* PBXTargetDependency */ = {
			isa = PBXTargetDependency;
			target = 187047C0207E12A200036268 /* Gach Tech */;
			targetProxy = 187047E1207E12A200036268 /* PBXContainerItemProxy */;
		};
/* End PBXTargetDependency section */

/* Begin PBXVariantGroup section */
		187047C8207E12A200036268 /* Main.storyboard */ = {
			isa = PBXVariantGroup;
			children = (
				187047C9207E12A200036268 /* Base */,
			);
			name = Main.storyboard;
			sourceTree = "<group>";
		};
		187047CD207E12A200036268 /* LaunchScreen.storyboard */ = {
			isa = PBXVariantGroup;
			children = (
				187047CE207E12A200036268 /* Base */,
			);
			name = LaunchScreen.storyboard;
			sourceTree = "<group>";
		};
/* End PBXVariantGroup section */

/* Begin XCBuildConfiguration section */
		187047E7207E12A200036268 /* Debug */ = {
			isa = XCBuildConfiguration;
			buildSettings = {
				ALWAYS_SEARCH_USER_PATHS = NO;
				CLANG_ANALYZER_NONNULL = YES;
				CLANG_ANALYZER_NUMBER_OBJECT_CONVERSION = YES_AGGRESSIVE;
				CLANG_CXX_LANGUAGE_STANDARD = "gnu++14";
				CLANG_CXX_LIBRARY = "libc++";
				CLANG_ENABLE_MODULES = YES;
				CLANG_ENABLE_OBJC_ARC = YES;
				CLANG_WARN_BLOCK_CAPTURE_AUTORELEASING = YES;
				CLANG_WARN_BOOL_CONVERSION = YES;
				CLANG_WARN_COMMA = YES;
				CLANG_WARN_CONSTANT_CONVERSION = YES;
				CLANG_WARN_DIRECT_OBJC_ISA_USAGE = YES_ERROR;
				CLANG_WARN_DOCUMENTATION_COMMENTS = YES;
				CLANG_WARN_EMPTY_BODY = YES;
				CLANG_WARN_ENUM_CONVERSION = YES;
				CLANG_WARN_INFINITE_RECURSION = YES;
				CLANG_WARN_INT_CONVERSION = YES;
				CLANG_WARN_NON_LITERAL_NULL_CONVERSION = YES;
				CLANG_WARN_OBJC_LITERAL_CONVERSION = YES;
				CLANG_WARN_OBJC_ROOT_CLASS = YES_ERROR;
				CLANG_WARN_RANGE_LOOP_ANALYSIS = YES;
				CLANG_WARN_STRICT_PROTOTYPES = YES;
				CLANG_WARN_SUSPICIOUS_MOVE = YES;
				CLANG_WARN_UNGUARDED_AVAILABILITY = YES_AGGRESSIVE;
				CLANG_WARN_UNREACHABLE_CODE = YES;
				CLANG_WARN__DUPLICATE_METHOD_MATCH = YES;
				CODE_SIGN_IDENTITY = "iPhone Developer";
				COPY_PHASE_STRIP = NO;
				DEBUG_INFORMATION_FORMAT = dwarf;
				ENABLE_STRICT_OBJC_MSGSEND = YES;
				ENABLE_TESTABILITY = YES;
				GCC_C_LANGUAGE_STANDARD = gnu11;
				GCC_DYNAMIC_NO_PIC = NO;
				GCC_NO_COMMON_BLOCKS = YES;
				GCC_OPTIMIZATION_LEVEL = 0;
				GCC_PREPROCESSOR_DEFINITIONS = (
					"DEBUG=1",
					"$(inherited)",
				);
				GCC_WARN_64_TO_32_BIT_CONVERSION = YES;
				GCC_WARN_ABOUT_RETURN_TYPE = YES_ERROR;
				GCC_WARN_UNDECLARED_SELECTOR = YES;
				GCC_WARN_UNINITIALIZED_AUTOS = YES_AGGRESSIVE;
				GCC_WARN_UNUSED_FUNCTION = YES;
				GCC_WARN_UNUSED_VARIABLE = YES;
				IPHONEOS_DEPLOYMENT_TARGET = 11.2;
				MTL_ENABLE_DEBUG_INFO = YES;
				ONLY_ACTIVE_ARCH = YES;
				SDKROOT = iphoneos;
				SWIFT_ACTIVE_COMPILATION_CONDITIONS = DEBUG;
				SWIFT_OPTIMIZATION_LEVEL = "-Onone";
			};
			name = Debug;
		};
		187047E8207E12A200036268 /* Release */ = {
			isa = XCBuildConfiguration;
			buildSettings = {
				ALWAYS_SEARCH_USER_PATHS = NO;
				CLANG_ANALYZER_NONNULL = YES;
				CLANG_ANALYZER_NUMBER_OBJECT_CONVERSION = YES_AGGRESSIVE;
				CLANG_CXX_LANGUAGE_STANDARD = "gnu++14";
				CLANG_CXX_LIBRARY = "libc++";
				CLANG_ENABLE_MODULES = YES;
				CLANG_ENABLE_OBJC_ARC = YES;
				CLANG_WARN_BLOCK_CAPTURE_AUTORELEASING = YES;
				CLANG_WARN_BOOL_CONVERSION = YES;
				CLANG_WARN_COMMA = YES;
				CLANG_WARN_CONSTANT_CONVERSION = YES;
				CLANG_WARN_DIRECT_OBJC_ISA_USAGE = YES_ERROR;
				CLANG_WARN_DOCUMENTATION_COMMENTS = YES;
				CLANG_WARN_EMPTY_BODY = YES;
				CLANG_WARN_ENUM_CONVERSION = YES;
				CLANG_WARN_INFINITE_RECURSION = YES;
				CLANG_WARN_INT_CONVERSION = YES;
				CLANG_WARN_NON_LITERAL_NULL_CONVERSION = YES;
				CLANG_WARN_OBJC_LITERAL_CONVERSION = YES;
				CLANG_WARN_OBJC_ROOT_CLASS = YES_ERROR;
				CLANG_WARN_RANGE_LOOP_ANALYSIS = YES;
				CLANG_WARN_STRICT_PROTOTYPES = YES;
				CLANG_WARN_SUSPICIOUS_MOVE = YES;
				CLANG_WARN_UNGUARDED_AVAILABILITY = YES_AGGRESSIVE;
				CLANG_WARN_UNREACHABLE_CODE = YES;
				CLANG_WARN__DUPLICATE_METHOD_MATCH = YES;
				CODE_SIGN_IDENTITY = "iPhone Developer";
				COPY_PHASE_STRIP = NO;
				DEBUG_INFORMATION_FORMAT = "dwarf-with-dsym";
				ENABLE_NS_ASSERTIONS = NO;
				ENABLE_STRICT_OBJC_MSGSEND = YES;
				GCC_C_LANGUAGE_STANDARD = gnu11;
				GCC_NO_COMMON_BLOCKS = YES;
				GCC_WARN_64_TO_32_BIT_CONVERSION = YES;
				GCC_WARN_ABOUT_RETURN_TYPE = YES_ERROR;
				GCC_WARN_UNDECLARED_SELECTOR = YES;
				GCC_WARN_UNINITIALIZED_AUTOS = YES_AGGRESSIVE;
				GCC_WARN_UNUSED_FUNCTION = YES;
				GCC_WARN_UNUSED_VARIABLE = YES;
				IPHONEOS_DEPLOYMENT_TARGET = 11.2;
				MTL_ENABLE_DEBUG_INFO = NO;
				SDKROOT = iphoneos;
				SWIFT_OPTIMIZATION_LEVEL = "-Owholemodule";
				VALIDATE_PRODUCT = YES;
			};
			name = Release;
		};
		187047EA207E12A200036268 /* Debug */ = {
			isa = XCBuildConfiguration;
			buildSettings = {
				ASSETCATALOG_COMPILER_APPICON_NAME = AppIcon;
				CODE_SIGN_STYLE = Automatic;
				INFOPLIST_FILE = "Gach Tech/Info.plist";
				LD_RUNPATH_SEARCH_PATHS = "$(inherited) @executable_path/Frameworks";
				PRODUCT_BUNDLE_IDENTIFIER = "a.Gach-Tech";
				PRODUCT_NAME = "$(TARGET_NAME)";
				SWIFT_VERSION = 4.0;
				TARGETED_DEVICE_FAMILY = "1,2";
			};
			name = Debug;
		};
		187047EB207E12A200036268 /* Release */ = {
			isa = XCBuildConfiguration;
			buildSettings = {
				ASSETCATALOG_COMPILER_APPICON_NAME = AppIcon;
				CODE_SIGN_STYLE = Automatic;
				INFOPLIST_FILE = "Gach Tech/Info.plist";
				LD_RUNPATH_SEARCH_PATHS = "$(inherited) @executable_path/Frameworks";
				PRODUCT_BUNDLE_IDENTIFIER = "a.Gach-Tech";
				PRODUCT_NAME = "$(TARGET_NAME)";
				SWIFT_VERSION = 4.0;
				TARGETED_DEVICE_FAMILY = "1,2";
			};
			name = Release;
		};
		187047ED207E12A200036268 /* Debug */ = {
			isa = XCBuildConfiguration;
			buildSettings = {
				ALWAYS_EMBED_SWIFT_STANDARD_LIBRARIES = YES;
				BUNDLE_LOADER = "$(TEST_HOST)";
				CODE_SIGN_STYLE = Automatic;
				INFOPLIST_FILE = "Gach TechTests/Info.plist";
				LD_RUNPATH_SEARCH_PATHS = "$(inherited) @executable_path/Frameworks @loader_path/Frameworks";
				PRODUCT_BUNDLE_IDENTIFIER = "a.Gach-TechTests";
				PRODUCT_NAME = "$(TARGET_NAME)";
				SWIFT_VERSION = 4.0;
				TARGETED_DEVICE_FAMILY = "1,2";
				TEST_HOST = "$(BUILT_PRODUCTS_DIR)/Gach Tech.app/Gach Tech";
			};
			name = Debug;
		};
		187047EE207E12A200036268 /* Release */ = {
			isa = XCBuildConfiguration;
			buildSettings = {
				ALWAYS_EMBED_SWIFT_STANDARD_LIBRARIES = YES;
				BUNDLE_LOADER = "$(TEST_HOST)";
				CODE_SIGN_STYLE = Automatic;
				INFOPLIST_FILE = "Gach TechTests/Info.plist";
				LD_RUNPATH_SEARCH_PATHS = "$(inherited) @executable_path/Frameworks @loader_path/Frameworks";
				PRODUCT_BUNDLE_IDENTIFIER = "a.Gach-TechTests";
				PRODUCT_NAME = "$(TARGET_NAME)";
				SWIFT_VERSION = 4.0;
				TARGETED_DEVICE_FAMILY = "1,2";
				TEST_HOST = "$(BUILT_PRODUCTS_DIR)/Gach Tech.app/Gach Tech";
			};
			name = Release;
		};
		187047F0207E12A200036268 /* Debug */ = {
			isa = XCBuildConfiguration;
			buildSettings = {
				ALWAYS_EMBED_SWIFT_STANDARD_LIBRARIES = YES;
				CODE_SIGN_STYLE = Automatic;
				INFOPLIST_FILE = "Gach TechUITests/Info.plist";
				LD_RUNPATH_SEARCH_PATHS = "$(inherited) @executable_path/Frameworks @loader_path/Frameworks";
				PRODUCT_BUNDLE_IDENTIFIER = "a.Gach-TechUITests";
				PRODUCT_NAME = "$(TARGET_NAME)";
				SWIFT_VERSION = 4.0;
				TARGETED_DEVICE_FAMILY = "1,2";
				TEST_TARGET_NAME = "Gach Tech";
			};
			name = Debug;
		};
		187047F1207E12A200036268 /* Release */ = {
			isa = XCBuildConfiguration;
			buildSettings = {
				ALWAYS_EMBED_SWIFT_STANDARD_LIBRARIES = YES;
				CODE_SIGN_STYLE = Automatic;
				INFOPLIST_FILE = "Gach TechUITests/Info.plist";
				LD_RUNPATH_SEARCH_PATHS = "$(inherited) @executable_path/Frameworks @loader_path/Frameworks";
				PRODUCT_BUNDLE_IDENTIFIER = "a.Gach-TechUITests";
				PRODUCT_NAME = "$(TARGET_NAME)";
				SWIFT_VERSION = 4.0;
				TARGETED_DEVICE_FAMILY = "1,2";
				TEST_TARGET_NAME = "Gach Tech";
			};
			name = Release;
		};
/* End XCBuildConfiguration section */

/* Begin XCConfigurationList section */
		187047BC207E12A200036268 /* Build configuration list for PBXProject "Gach Tech" */ = {
			isa = XCConfigurationList;
			buildConfigurations = (
				187047E7207E12A200036268 /* Debug */,
				187047E8207E12A200036268 /* Release */,
			);
			defaultConfigurationIsVisible = 0;
			defaultConfigurationName = Release;
		};
		187047E9207E12A200036268 /* Build configuration list for PBXNativeTarget "Gach Tech" */ = {
			isa = XCConfigurationList;
			buildConfigurations = (
				187047EA207E12A200036268 /* Debug */,
				187047EB207E12A200036268 /* Release */,
			);
			defaultConfigurationIsVisible = 0;
			defaultConfigurationName = Release;
		};
		187047EC207E12A200036268 /* Build configuration list for PBXNativeTarget "Gach TechTests" */ = {
			isa = XCConfigurationList;
			buildConfigurations = (
				187047ED207E12A200036268 /* Debug */,
				187047EE207E12A200036268 /* Release */,
			);
			defaultConfigurationIsVisible = 0;
			defaultConfigurationName = Release;
		};
		187047EF207E12A200036268 /* Build configuration list for PBXNativeTarget "Gach TechUITests" */ = {
			isa = XCConfigurationList;
			buildConfigurations = (
				187047F0207E12A200036268 /* Debug */,
				187047F1207E12A200036268 /* Release */,
			);
			defaultConfigurationIsVisible = 0;
			defaultConfigurationName = Release;
		};
/* End XCConfigurationList section */
	};
	rootObject = 187047B9207E12A200036268 /* Project object */;
}
